
Microsoft Visual Studio Solution File, Format Version 12.00
# Visual Studio Version 17
VisualStudioVersion = 17.10.34804.81
MinimumVisualStudioVersion = 10.0.40219.1
Project("{FAE04EC0-301F-11D3-BF4B-00C04F79EFBC}") = "HelloFunctionAppSourceControl", "HelloFunctionAppSourceControl.csproj", "{5933D86F-B06F-4391-ACE5-B8D73BA45A7F}"
EndProject
Global
	GlobalSection(SolutionConfigurationPlatforms) = preSolution
		Debug|Any CPU = Debug|Any CPU
		Release|Any CPU = Release|Any CPU
	EndGlobalSection
	GlobalSection(ProjectConfigurationPlatforms) = postSolution
		{5933D86F-B06F-4391-ACE5-B8D73BA45A7F}.Debug|Any CPU.ActiveCfg = Debug|Any CPU
		{5933D86F-B06F-4391-ACE5-B8D73BA45A7F}.Debug|Any CPU.Build.0 = Debug|Any CPU
		{5933D86F-B06F-4391-ACE5-B8D73BA45A7F}.Release|Any CPU.ActiveCfg = Release|Any CPU
		{5933D86F-B06F-4391-ACE5-B8D73BA45A7F}.Release|Any CPU.Build.0 = Release|Any CPU
	EndGlobalSection
	GlobalSection(SolutionProperties) = preSolution
		HideSolutionNode = FALSE
	EndGlobalSection
	GlobalSection(ExtensibilityGlobals) = postSolution
		SolutionGuid = {DAC7854D-3617-46F1-A5B6-C1931D3723CB}
	EndGlobalSection
EndGlobal
